
Microsoft Visual Studio Solution File, Format Version 12.00
# Visual Studio Version 16
VisualStudioVersion = 25.0.1700.4
MinimumVisualStudioVersion = 10.0.40219.1
Project("{FAE04EC0-301F-11D3-BF4B-00C04F79EFBC}") = "TodoREST.Android", "TodoREST\TodoREST.Android\TodoREST.Android.csproj", "{F889F280-8A74-45F6-BABD-8177CAC0BD7E}"
EndProject
Project("{FAE04EC0-301F-11D3-BF4B-00C04F79EFBC}") = "TodoREST.iOS", "TodoREST\TodoREST.iOS\TodoREST.iOS.csproj", "{58EF9C9E-E790-447F-99B3-246A29CE783B}"
EndProject
Project("{FAE04EC0-301F-11D3-BF4B-00C04F79EFBC}") = "TodoREST", "TodoREST\TodoREST\TodoREST.csproj", "{C34643D6-5E95-4877-83FE-7235DCB267DB}"
EndProject
Global
	GlobalSection(SolutionConfigurationPlatforms) = preSolution
		Debug|Any CPU = Debug|Any CPU
		Release|Any CPU = Release|Any CPU
		Debug|iPhoneSimulator = Debug|iPhoneSimulator
		Release|iPhoneSimulator = Release|iPhoneSimulator
		Debug|iPhone = Debug|iPhone
		Release|iPhone = Release|iPhone
	EndGlobalSection
	GlobalSection(ProjectConfigurationPlatforms) = postSolution
		{F889F280-8A74-45F6-BABD-8177CAC0BD7E}.Debug|Any CPU.ActiveCfg = Debug|Any CPU
		{F889F280-8A74-45F6-BABD-8177CAC0BD7E}.Debug|Any CPU.Build.0 = Debug|Any CPU
		{F889F280-8A74-45F6-BABD-8177CAC0BD7E}.Release|Any CPU.ActiveCfg = Release|Any CPU
		{F889F280-8A74-45F6-BABD-8177CAC0BD7E}.Release|Any CPU.Build.0 = Release|Any CPU
		{F889F280-8A74-45F6-BABD-8177CAC0BD7E}.Debug|iPhoneSimulator.ActiveCfg = Debug|Any CPU
		{F889F280-8A74-45F6-BABD-8177CAC0BD7E}.Debug|iPhoneSimulator.Build.0 = Debug|Any CPU
		{F889F280-8A74-45F6-BABD-8177CAC0BD7E}.Release|iPhoneSimulator.ActiveCfg = Release|Any CPU
		{F889F280-8A74-45F6-BABD-8177CAC0BD7E}.Release|iPhoneSimulator.Build.0 = Release|Any CPU
		{F889F280-8A74-45F6-BABD-8177CAC0BD7E}.Debug|iPhone.ActiveCfg = Debug|Any CPU
		{F889F280-8A74-45F6-BABD-8177CAC0BD7E}.Debug|iPhone.Build.0 = Debug|Any CPU
		{F889F280-8A74-45F6-BABD-8177CAC0BD7E}.Release|iPhone.ActiveCfg = Release|Any CPU
		{F889F280-8A74-45F6-BABD-8177CAC0BD7E}.Release|iPhone.Build.0 = Release|Any CPU
		{58EF9C9E-E790-447F-99B3-246A29CE783B}.Debug|Any CPU.ActiveCfg = Debug|iPhoneSimulator
		{58EF9C9E-E790-447F-99B3-246A29CE783B}.Debug|Any CPU.Build.0 = Debug|iPhoneSimulator
		{58EF9C9E-E790-447F-99B3-246A29CE783B}.Release|Any CPU.ActiveCfg = Release|iPhoneSimulator
		{58EF9C9E-E790-447F-99B3-246A29CE783B}.Release|Any CPU.Build.0 = Release|iPhoneSimulator
		{58EF9C9E-E790-447F-99B3-246A29CE783B}.Debug|iPhoneSimulator.ActiveCfg = Debug|iPhoneSimulator
		{58EF9C9E-E790-447F-99B3-246A29CE783B}.Debug|iPhoneSimulator.Build.0 = Debug|iPhoneSimulator
		{58EF9C9E-E790-447F-99B3-246A29CE783B}.Release|iPhoneSimulator.ActiveCfg = Release|iPhoneSimulator
		{58EF9C9E-E790-447F-99B3-246A29CE783B}.Release|iPhoneSimulator.Build.0 = Release|iPhoneSimulator
		{58EF9C9E-E790-447F-99B3-246A29CE783B}.Debug|iPhone.ActiveCfg = Debug|iPhone
		{58EF9C9E-E790-447F-99B3-246A29CE783B}.Debug|iPhone.Build.0 = Debug|iPhone
		{58EF9C9E-E790-447F-99B3-246A29CE783B}.Release|iPhone.ActiveCfg = Release|iPhone
		{58EF9C9E-E790-447F-99B3-246A29CE783B}.Release|iPhone.Build.0 = Release|iPhone
		{C34643D6-5E95-4877-83FE-7235DCB267DB}.Debug|Any CPU.ActiveCfg = Debug|Any CPU
		{C34643D6-5E95-4877-83FE-7235DCB267DB}.Debug|Any CPU.Build.0 = Debug|Any CPU
		{C34643D6-5E95-4877-83FE-7235DCB267DB}.Release|Any CPU.ActiveCfg = Release|Any CPU
		{C34643D6-5E95-4877-83FE-7235DCB267DB}.Release|Any CPU.Build.0 = Release|Any CPU
		{C34643D6-5E95-4877-83FE-7235DCB267DB}.Debug|iPhoneSimulator.ActiveCfg = Debug|Any CPU
		{C34643D6-5E95-4877-83FE-7235DCB267DB}.Debug|iPhoneSimulator.Build.0 = Debug|Any CPU
		{C34643D6-5E95-4877-83FE-7235DCB267DB}.Release|iPhoneSimulator.ActiveCfg = Release|Any CPU
		{C34643D6-5E95-4877-83FE-7235DCB267DB}.Release|iPhoneSimulator.Build.0 = Release|Any CPU
		{C34643D6-5E95-4877-83FE-7235DCB267DB}.Debug|iPhone.ActiveCfg = Debug|Any CPU
		{C34643D6-5E95-4877-83FE-7235DCB267DB}.Debug|iPhone.Build.0 = Debug|Any CPU
		{C34643D6-5E95-4877-83FE-7235DCB267DB}.Release|iPhone.ActiveCfg = Release|Any CPU
		{C34643D6-5E95-4877-83FE-7235DCB267DB}.Release|iPhone.Build.0 = Release|Any CPU
	EndGlobalSection
	GlobalSection(SolutionProperties) = preSolution
		HideSolutionNode = FALSE
	EndGlobalSection
	GlobalSection(ExtensibilityGlobals) = postSolution
		SolutionGuid = {AA95DB66-A1B9-455F-AAC6-633C633BDF63}
	EndGlobalSection
EndGlobal
